// !$*UTF8*$!
{
	archiveVersion = 1;
	classes = {
	};
	objectVersion = 56;
	objects = {

/* Begin PBXBuildFile section */
		B2424BC42CE5E8EF005B78F1 /* GoogleMaps in Frameworks */ = {isa = PBXBuildFile; productRef = B2424BC32CE5E8EF005B78F1 /* GoogleMaps */; };
		B2424BCB2CE5EA51005B78F1 /* MapView.swift in Sources */ = {isa = PBXBuildFile; fileRef = B2424BC62CE5EA50005B78F1 /* MapView.swift */; };
		B2424BCC2CE5EA51005B78F1 /* Location.swift in Sources */ = {isa = PBXBuildFile; fileRef = B2424BC82CE5EA50005B78F1 /* Location.swift */; };
		B2424BCD2CE5EA51005B78F1 /* NavigationViewModel.swift in Sources */ = {isa = PBXBuildFile; fileRef = B2424BCA2CE5EA50005B78F1 /* NavigationViewModel.swift */; };
		B2424BD32CE7310D005B78F1 /* NavigationNetworkService.swift in Sources */ = {isa = PBXBuildFile; fileRef = B2424BD22CE7310D005B78F1 /* NavigationNetworkService.swift */; };
		B2424BD62CE739EE005B78F1 /* AppConfigurations.swift in Sources */ = {isa = PBXBuildFile; fileRef = B2424BD52CE739EE005B78F1 /* AppConfigurations.swift */; };
		B2C693C22CE4A774007E53DB /* DriverMapApp.swift in Sources */ = {isa = PBXBuildFile; fileRef = B2C693C12CE4A774007E53DB /* DriverMapApp.swift */; };
		B2C693C42CE4A774007E53DB /* ContentView.swift in Sources */ = {isa = PBXBuildFile; fileRef = B2C693C32CE4A774007E53DB /* ContentView.swift */; };
		B2C693C62CE4A779007E53DB /* Assets.xcassets in Resources */ = {isa = PBXBuildFile; fileRef = B2C693C52CE4A779007E53DB /* Assets.xcassets */; };
		B2C693C92CE4A779007E53DB /* Preview Assets.xcassets in Resources */ = {isa = PBXBuildFile; fileRef = B2C693C82CE4A779007E53DB /* Preview Assets.xcassets */; };
		B2C693D32CE4A779007E53DB /* DriverMapTests.swift in Sources */ = {isa = PBXBuildFile; fileRef = B2C693D22CE4A779007E53DB /* DriverMapTests.swift */; };
		B2C693DD2CE4A779007E53DB /* DriverMapUITests.swift in Sources */ = {isa = PBXBuildFile; fileRef = B2C693DC2CE4A779007E53DB /* DriverMapUITests.swift */; };
		B2C693DF2CE4A779007E53DB /* DriverMapUITestsLaunchTests.swift in Sources */ = {isa = PBXBuildFile; fileRef = B2C693DE2CE4A779007E53DB /* DriverMapUITestsLaunchTests.swift */; };
/* End PBXBuildFile section */

/* Begin PBXContainerItemProxy section */
		B2C693CF2CE4A779007E53DB /* PBXContainerItemProxy */ = {
			isa = PBXContainerItemProxy;
			containerPortal = B2C693B62CE4A774007E53DB /* Project object */;
			proxyType = 1;
			remoteGlobalIDString = B2C693BD2CE4A774007E53DB;
			remoteInfo = DriverMap;
		};
		B2C693D92CE4A779007E53DB /* PBXContainerItemProxy */ = {
			isa = PBXContainerItemProxy;
			containerPortal = B2C693B62CE4A774007E53DB /* Project object */;
			proxyType = 1;
			remoteGlobalIDString = B2C693BD2CE4A774007E53DB;
			remoteInfo = DriverMap;
		};
/* End PBXContainerItemProxy section */

/* Begin PBXFileReference section */
		B2424BC62CE5EA50005B78F1 /* MapView.swift */ = {isa = PBXFileReference; fileEncoding = 4; lastKnownFileType = sourcecode.swift; path = MapView.swift; sourceTree = "<group>"; };
		B2424BC82CE5EA50005B78F1 /* Location.swift */ = {isa = PBXFileReference; fileEncoding = 4; lastKnownFileType = sourcecode.swift; path = Location.swift; sourceTree = "<group>"; };
		B2424BCA2CE5EA50005B78F1 /* NavigationViewModel.swift */ = {isa = PBXFileReference; fileEncoding = 4; lastKnownFileType = sourcecode.swift; path = NavigationViewModel.swift; sourceTree = "<group>"; };
		B2424BD22CE7310D005B78F1 /* NavigationNetworkService.swift */ = {isa = PBXFileReference; lastKnownFileType = sourcecode.swift; path = NavigationNetworkService.swift; sourceTree = "<group>"; };
		B2424BD52CE739EE005B78F1 /* AppConfigurations.swift */ = {isa = PBXFileReference; lastKnownFileType = sourcecode.swift; path = AppConfigurations.swift; sourceTree = "<group>"; };
		B2C693BE2CE4A774007E53DB /* DriverMap.app */ = {isa = PBXFileReference; explicitFileType = wrapper.application; includeInIndex = 0; path = DriverMap.app; sourceTree = BUILT_PRODUCTS_DIR; };
		B2C693C12CE4A774007E53DB /* DriverMapApp.swift */ = {isa = PBXFileReference; lastKnownFileType = sourcecode.swift; path = DriverMapApp.swift; sourceTree = "<group>"; };
		B2C693C32CE4A774007E53DB /* ContentView.swift */ = {isa = PBXFileReference; lastKnownFileType = sourcecode.swift; path = ContentView.swift; sourceTree = "<group>"; };
		B2C693C52CE4A779007E53DB /* Assets.xcassets */ = {isa = PBXFileReference; lastKnownFileType = folder.assetcatalog; path = Assets.xcassets; sourceTree = "<group>"; };
		B2C693C82CE4A779007E53DB /* Preview Assets.xcassets */ = {isa = PBXFileReference; lastKnownFileType = folder.assetcatalog; path = "Preview Assets.xcassets"; sourceTree = "<group>"; };
		B2C693CE2CE4A779007E53DB /* DriverMapTests.xctest */ = {isa = PBXFileReference; explicitFileType = wrapper.cfbundle; includeInIndex = 0; path = DriverMapTests.xctest; sourceTree = BUILT_PRODUCTS_DIR; };
		B2C693D22CE4A779007E53DB /* DriverMapTests.swift */ = {isa = PBXFileReference; lastKnownFileType = sourcecode.swift; path = DriverMapTests.swift; sourceTree = "<group>"; };
		B2C693D82CE4A779007E53DB /* DriverMapUITests.xctest */ = {isa = PBXFileReference; explicitFileType = wrapper.cfbundle; includeInIndex = 0; path = DriverMapUITests.xctest; sourceTree = BUILT_PRODUCTS_DIR; };
		B2C693DC2CE4A779007E53DB /* DriverMapUITests.swift */ = {isa = PBXFileReference; lastKnownFileType = sourcecode.swift; path = DriverMapUITests.swift; sourceTree = "<group>"; };
		B2C693DE2CE4A779007E53DB /* DriverMapUITestsLaunchTests.swift */ = {isa = PBXFileReference; lastKnownFileType = sourcecode.swift; path = DriverMapUITestsLaunchTests.swift; sourceTree = "<group>"; };
/* End PBXFileReference section */

/* Begin PBXFrameworksBuildPhase section */
		B2C693BB2CE4A774007E53DB /* Frameworks */ = {
			isa = PBXFrameworksBuildPhase;
			buildActionMask = 2147483647;
			files = (
				B2424BC42CE5E8EF005B78F1 /* GoogleMaps in Frameworks */,
			);
			runOnlyForDeploymentPostprocessing = 0;
		};
		B2C693CB2CE4A779007E53DB /* Frameworks */ = {
			isa = PBXFrameworksBuildPhase;
			buildActionMask = 2147483647;
			files = (
			);
			runOnlyForDeploymentPostprocessing = 0;
		};
		B2C693D52CE4A779007E53DB /* Frameworks */ = {
			isa = PBXFrameworksBuildPhase;
			buildActionMask = 2147483647;
			files = (
			);
			runOnlyForDeploymentPostprocessing = 0;
		};
/* End PBXFrameworksBuildPhase section */

/* Begin PBXGroup section */
		B2424BC52CE5EA50005B78F1 /* Views */ = {
			isa = PBXGroup;
			children = (
				B2424BC62CE5EA50005B78F1 /* MapView.swift */,
			);
			path = Views;
			sourceTree = "<group>";
		};
		B2424BC72CE5EA50005B78F1 /* Models */ = {
			isa = PBXGroup;
			children = (
				B2424BC82CE5EA50005B78F1 /* Location.swift */,
			);
			path = Models;
			sourceTree = "<group>";
		};
		B2424BC92CE5EA50005B78F1 /* ViewModels */ = {
			isa = PBXGroup;
			children = (
				B2424BCA2CE5EA50005B78F1 /* NavigationViewModel.swift */,
			);
			path = ViewModels;
			sourceTree = "<group>";
		};
		B2424BD12CE730CF005B78F1 /* Service */ = {
			isa = PBXGroup;
			children = (
				B2424BD22CE7310D005B78F1 /* NavigationNetworkService.swift */,
			);
			path = Service;
			sourceTree = "<group>";
		};
		B2424BD42CE739E1005B78F1 /* Data */ = {
			isa = PBXGroup;
			children = (
				B2424BD52CE739EE005B78F1 /* AppConfigurations.swift */,
			);
			path = Data;
			sourceTree = "<group>";
		};
		B2C693B52CE4A774007E53DB = {
			isa = PBXGroup;
			children = (
				B2C693C02CE4A774007E53DB /* DriverMap */,
				B2C693D12CE4A779007E53DB /* DriverMapTests */,
				B2C693DB2CE4A779007E53DB /* DriverMapUITests */,
				B2C693BF2CE4A774007E53DB /* Products */,
			);
			sourceTree = "<group>";
		};
		B2C693BF2CE4A774007E53DB /* Products */ = {
			isa = PBXGroup;
			children = (
				B2C693BE2CE4A774007E53DB /* DriverMap.app */,
				B2C693CE2CE4A779007E53DB /* DriverMapTests.xctest */,
				B2C693D82CE4A779007E53DB /* DriverMapUITests.xctest */,
			);
			name = Products;
			sourceTree = "<group>";
		};
		B2C693C02CE4A774007E53DB /* DriverMap */ = {
			isa = PBXGroup;
			children = (
				B2424BD42CE739E1005B78F1 /* Data */,
				B2424BD12CE730CF005B78F1 /* Service */,
				B2424BC72CE5EA50005B78F1 /* Models */,
				B2424BC92CE5EA50005B78F1 /* ViewModels */,
				B2424BC52CE5EA50005B78F1 /* Views */,
				B2C693C12CE4A774007E53DB /* DriverMapApp.swift */,
				B2C693C32CE4A774007E53DB /* ContentView.swift */,
				B2C693C52CE4A779007E53DB /* Assets.xcassets */,
				B2C693C72CE4A779007E53DB /* Preview Content */,
			);
			path = DriverMap;
			sourceTree = "<group>";
		};
		B2C693C72CE4A779007E53DB /* Preview Content */ = {
			isa = PBXGroup;
			children = (
				B2C693C82CE4A779007E53DB /* Preview Assets.xcassets */,
			);
			path = "Preview Content";
			sourceTree = "<group>";
		};
		B2C693D12CE4A779007E53DB /* DriverMapTests */ = {
			isa = PBXGroup;
			children = (
				B2C693D22CE4A779007E53DB /* DriverMapTests.swift */,
			);
			path = DriverMapTests;
			sourceTree = "<group>";
		};
		B2C693DB2CE4A779007E53DB /* DriverMapUITests */ = {
			isa = PBXGroup;
			children = (
				B2C693DC2CE4A779007E53DB /* DriverMapUITests.swift */,
				B2C693DE2CE4A779007E53DB /* DriverMapUITestsLaunchTests.swift */,
			);
			path = DriverMapUITests;
			sourceTree = "<group>";
		};
/* End PBXGroup section */

/* Begin PBXNativeTarget section */
		B2C693BD2CE4A774007E53DB /* DriverMap */ = {
			isa = PBXNativeTarget;
			buildConfigurationList = B2C693E22CE4A779007E53DB /* Build configuration list for PBXNativeTarget "DriverMap" */;
			buildPhases = (
				B2C693BA2CE4A774007E53DB /* Sources */,
				B2C693BB2CE4A774007E53DB /* Frameworks */,
				B2C693BC2CE4A774007E53DB /* Resources */,
			);
			buildRules = (
			);
			dependencies = (
			);
			name = DriverMap;
			packageProductDependencies = (
				B2424BC32CE5E8EF005B78F1 /* GoogleMaps */,
			);
			productName = DriverMap;
			productReference = B2C693BE2CE4A774007E53DB /* DriverMap.app */;
			productType = "com.apple.product-type.application";
		};
		B2C693CD2CE4A779007E53DB /* DriverMapTests */ = {
			isa = PBXNativeTarget;
			buildConfigurationList = B2C693E52CE4A779007E53DB /* Build configuration list for PBXNativeTarget "DriverMapTests" */;
			buildPhases = (
				B2C693CA2CE4A779007E53DB /* Sources */,
				B2C693CB2CE4A779007E53DB /* Frameworks */,
				B2C693CC2CE4A779007E53DB /* Resources */,
			);
			buildRules = (
			);
			dependencies = (
				B2C693D02CE4A779007E53DB /* PBXTargetDependency */,
			);
			name = DriverMapTests;
			productName = DriverMapTests;
			productReference = B2C693CE2CE4A779007E53DB /* DriverMapTests.xctest */;
			productType = "com.apple.product-type.bundle.unit-test";
		};
		B2C693D72CE4A779007E53DB /* DriverMapUITests */ = {
			isa = PBXNativeTarget;
			buildConfigurationList = B2C693E82CE4A779007E53DB /* Build configuration list for PBXNativeTarget "DriverMapUITests" */;
			buildPhases = (
				B2C693D42CE4A779007E53DB /* Sources */,
				B2C693D52CE4A779007E53DB /* Frameworks */,
				B2C693D62CE4A779007E53DB /* Resources */,
			);
			buildRules = (
			);
			dependencies = (
				B2C693DA2CE4A779007E53DB /* PBXTargetDependency */,
			);
			name = DriverMapUITests;
			productName = DriverMapUITests;
			productReference = B2C693D82CE4A779007E53DB /* DriverMapUITests.xctest */;
			productType = "com.apple.product-type.bundle.ui-testing";
		};
/* End PBXNativeTarget section */

/* Begin PBXProject section */
		B2C693B62CE4A774007E53DB /* Project object */ = {
			isa = PBXProject;
			attributes = {
				BuildIndependentTargetsInParallel = 1;
				LastSwiftUpdateCheck = 1500;
				LastUpgradeCheck = 1500;
				TargetAttributes = {
					B2C693BD2CE4A774007E53DB = {
						CreatedOnToolsVersion = 15.0;
					};
					B2C693CD2CE4A779007E53DB = {
						CreatedOnToolsVersion = 15.0;
						TestTargetID = B2C693BD2CE4A774007E53DB;
					};
					B2C693D72CE4A779007E53DB = {
						CreatedOnToolsVersion = 15.0;
						TestTargetID = B2C693BD2CE4A774007E53DB;
					};
				};
			};
			buildConfigurationList = B2C693B92CE4A774007E53DB /* Build configuration list for PBXProject "DriverMap" */;
			compatibilityVersion = "Xcode 14.0";
			developmentRegion = en;
			hasScannedForEncodings = 0;
			knownRegions = (
				en,
				Base,
			);
			mainGroup = B2C693B52CE4A774007E53DB;
			packageReferences = (
				B2424BC22CE5E8EF005B78F1 /* XCRemoteSwiftPackageReference "ios-maps-sdk" */,
			);
			productRefGroup = B2C693BF2CE4A774007E53DB /* Products */;
			projectDirPath = "";
			projectRoot = "";
			targets = (
				B2C693BD2CE4A774007E53DB /* DriverMap */,
				B2C693CD2CE4A779007E53DB /* DriverMapTests */,
				B2C693D72CE4A779007E53DB /* DriverMapUITests */,
			);
		};
/* End PBXProject section */

/* Begin PBXResourcesBuildPhase section */
		B2C693BC2CE4A774007E53DB /* Resources */ = {
			isa = PBXResourcesBuildPhase;
			buildActionMask = 2147483647;
			files = (
				B2C693C92CE4A779007E53DB /* Preview Assets.xcassets in Resources */,
				B2C693C62CE4A779007E53DB /* Assets.xcassets in Resources */,
			);
			runOnlyForDeploymentPostprocessing = 0;
		};
		B2C693CC2CE4A779007E53DB /* Resources */ = {
			isa = PBXResourcesBuildPhase;
			buildActionMask = 2147483647;
			files = (
			);
			runOnlyForDeploymentPostprocessing = 0;
		};
		B2C693D62CE4A779007E53DB /* Resources */ = {
			isa = PBXResourcesBuildPhase;
			buildActionMask = 2147483647;
			files = (
			);
			runOnlyForDeploymentPostprocessing = 0;
		};
/* End PBXResourcesBuildPhase section */

/* Begin PBXSourcesBuildPhase section */
		B2C693BA2CE4A774007E53DB /* Sources */ = {
			isa = PBXSourcesBuildPhase;
			buildActionMask = 2147483647;
			files = (
				B2C693C42CE4A774007E53DB /* ContentView.swift in Sources */,
				B2424BCD2CE5EA51005B78F1 /* NavigationViewModel.swift in Sources */,
				B2424BD32CE7310D005B78F1 /* NavigationNetworkService.swift in Sources */,
				B2424BCB2CE5EA51005B78F1 /* MapView.swift in Sources */,
				B2424BCC2CE5EA51005B78F1 /* Location.swift in Sources */,
				B2C693C22CE4A774007E53DB /* DriverMapApp.swift in Sources */,
				B2424BD62CE739EE005B78F1 /* AppConfigurations.swift in Sources */,
			);
			runOnlyForDeploymentPostprocessing = 0;
		};
		B2C693CA2CE4A779007E53DB /* Sources */ = {
			isa = PBXSourcesBuildPhase;
			buildActionMask = 2147483647;
			files = (
				B2C693D32CE4A779007E53DB /* DriverMapTests.swift in Sources */,
			);
			runOnlyForDeploymentPostprocessing = 0;
		};
		B2C693D42CE4A779007E53DB /* Sources */ = {
			isa = PBXSourcesBuildPhase;
			buildActionMask = 2147483647;
			files = (
				B2C693DD2CE4A779007E53DB /* DriverMapUITests.swift in Sources */,
				B2C693DF2CE4A779007E53DB /* DriverMapUITestsLaunchTests.swift in Sources */,
			);
			runOnlyForDeploymentPostprocessing = 0;
		};
/* End PBXSourcesBuildPhase section */

/* Begin PBXTargetDependency section */
		B2C693D02CE4A779007E53DB /* PBXTargetDependency */ = {
			isa = PBXTargetDependency;
			target = B2C693BD2CE4A774007E53DB /* DriverMap */;
			targetProxy = B2C693CF2CE4A779007E53DB /* PBXContainerItemProxy */;
		};
		B2C693DA2CE4A779007E53DB /* PBXTargetDependency */ = {
			isa = PBXTargetDependency;
			target = B2C693BD2CE4A774007E53DB /* DriverMap */;
			targetProxy = B2C693D92CE4A779007E53DB /* PBXContainerItemProxy */;
		};
/* End PBXTargetDependency section */

/* Begin XCBuildConfiguration section */
		B2C693E02CE4A779007E53DB /* Debug */ = {
			isa = XCBuildConfiguration;
			buildSettings = {
				ALWAYS_SEARCH_USER_PATHS = NO;
				ASSETCATALOG_COMPILER_GENERATE_SWIFT_ASSET_SYMBOL_EXTENSIONS = YES;
				CLANG_ANALYZER_NONNULL = YES;
				CLANG_ANALYZER_NUMBER_OBJECT_CONVERSION = YES_AGGRESSIVE;
				CLANG_CXX_LANGUAGE_STANDARD = "gnu++20";
				CLANG_ENABLE_MODULES = YES;
				CLANG_ENABLE_OBJC_ARC = YES;
				CLANG_ENABLE_OBJC_WEAK = YES;
				CLANG_WARN_BLOCK_CAPTURE_AUTORELEASING = YES;
				CLANG_WARN_BOOL_CONVERSION = YES;
				CLANG_WARN_COMMA = YES;
				CLANG_WARN_CONSTANT_CONVERSION = YES;
				CLANG_WARN_DEPRECATED_OBJC_IMPLEMENTATIONS = YES;
				CLANG_WARN_DIRECT_OBJC_ISA_USAGE = YES_ERROR;
				CLANG_WARN_DOCUMENTATION_COMMENTS = YES;
				CLANG_WARN_EMPTY_BODY = YES;
				CLANG_WARN_ENUM_CONVERSION = YES;
				CLANG_WARN_INFINITE_RECURSION = YES;
				CLANG_WARN_INT_CONVERSION = YES;
				CLANG_WARN_NON_LITERAL_NULL_CONVERSION = YES;
				CLANG_WARN_OBJC_IMPLICIT_RETAIN_SELF = YES;
				CLANG_WARN_OBJC_LITERAL_CONVERSION = YES;
				CLANG_WARN_OBJC_ROOT_CLASS = YES_ERROR;
				CLANG_WARN_QUOTED_INCLUDE_IN_FRAMEWORK_HEADER = YES;
				CLANG_WARN_RANGE_LOOP_ANALYSIS = YES;
				CLANG_WARN_STRICT_PROTOTYPES = YES;
				CLANG_WARN_SUSPICIOUS_MOVE = YES;
				CLANG_WARN_UNGUARDED_AVAILABILITY = YES_AGGRESSIVE;
				CLANG_WARN_UNREACHABLE_CODE = YES;
				CLANG_WARN__DUPLICATE_METHOD_MATCH = YES;
				COPY_PHASE_STRIP = NO;
				DEBUG_INFORMATION_FORMAT = dwarf;
				ENABLE_STRICT_OBJC_MSGSEND = YES;
				ENABLE_TESTABILITY = YES;
				ENABLE_USER_SCRIPT_SANDBOXING = YES;
				GCC_C_LANGUAGE_STANDARD = gnu17;
				GCC_DYNAMIC_NO_PIC = NO;
				GCC_NO_COMMON_BLOCKS = YES;
				GCC_OPTIMIZATION_LEVEL = 0;
				GCC_PREPROCESSOR_DEFINITIONS = (
					"DEBUG=1",
					"$(inherited)",
				);
				GCC_WARN_64_TO_32_BIT_CONVERSION = YES;
				GCC_WARN_ABOUT_RETURN_TYPE = YES_ERROR;
				GCC_WARN_UNDECLARED_SELECTOR = YES;
				GCC_WARN_UNINITIALIZED_AUTOS = YES_AGGRESSIVE;
				GCC_WARN_UNUSED_FUNCTION = YES;
				GCC_WARN_UNUSED_VARIABLE = YES;
				IPHONEOS_DEPLOYMENT_TARGET = 17.0;
				LOCALIZATION_PREFERS_STRING_CATALOGS = YES;
				MTL_ENABLE_DEBUG_INFO = INCLUDE_SOURCE;
				MTL_FAST_MATH = YES;
				ONLY_ACTIVE_ARCH = YES;
				SDKROOT = iphoneos;
				SWIFT_ACTIVE_COMPILATION_CONDITIONS = "DEBUG $(inherited)";
				SWIFT_OPTIMIZATION_LEVEL = "-Onone";
			};
			name = Debug;
		};
		B2C693E12CE4A779007E53DB /* Release */ = {
			isa = XCBuildConfiguration;
			buildSettings = {
				ALWAYS_SEARCH_USER_PATHS = NO;
				ASSETCATALOG_COMPILER_GENERATE_SWIFT_ASSET_SYMBOL_EXTENSIONS = YES;
				CLANG_ANALYZER_NONNULL = YES;
				CLANG_ANALYZER_NUMBER_OBJECT_CONVERSION = YES_AGGRESSIVE;
				CLANG_CXX_LANGUAGE_STANDARD = "gnu++20";
				CLANG_ENABLE_MODULES = YES;
				CLANG_ENABLE_OBJC_ARC = YES;
				CLANG_ENABLE_OBJC_WEAK = YES;
				CLANG_WARN_BLOCK_CAPTURE_AUTORELEASING = YES;
				CLANG_WARN_BOOL_CONVERSION = YES;
				CLANG_WARN_COMMA = YES;
				CLANG_WARN_CONSTANT_CONVERSION = YES;
				CLANG_WARN_DEPRECATED_OBJC_IMPLEMENTATIONS = YES;
				CLANG_WARN_DIRECT_OBJC_ISA_USAGE = YES_ERROR;
				CLANG_WARN_DOCUMENTATION_COMMENTS = YES;
				CLANG_WARN_EMPTY_BODY = YES;
				CLANG_WARN_ENUM_CONVERSION = YES;
				CLANG_WARN_INFINITE_RECURSION = YES;
				CLANG_WARN_INT_CONVERSION = YES;
				CLANG_WARN_NON_LITERAL_NULL_CONVERSION = YES;
				CLANG_WARN_OBJC_IMPLICIT_RETAIN_SELF = YES;
				CLANG_WARN_OBJC_LITERAL_CONVERSION = YES;
				CLANG_WARN_OBJC_ROOT_CLASS = YES_ERROR;
				CLANG_WARN_QUOTED_INCLUDE_IN_FRAMEWORK_HEADER = YES;
				CLANG_WARN_RANGE_LOOP_ANALYSIS = YES;
				CLANG_WARN_STRICT_PROTOTYPES = YES;
				CLANG_WARN_SUSPICIOUS_MOVE = YES;
				CLANG_WARN_UNGUARDED_AVAILABILITY = YES_AGGRESSIVE;
				CLANG_WARN_UNREACHABLE_CODE = YES;
				CLANG_WARN__DUPLICATE_METHOD_MATCH = YES;
				COPY_PHASE_STRIP = NO;
				DEBUG_INFORMATION_FORMAT = "dwarf-with-dsym";
				ENABLE_NS_ASSERTIONS = NO;
				ENABLE_STRICT_OBJC_MSGSEND = YES;
				ENABLE_USER_SCRIPT_SANDBOXING = YES;
				GCC_C_LANGUAGE_STANDARD = gnu17;
				GCC_NO_COMMON_BLOCKS = YES;
				GCC_WARN_64_TO_32_BIT_CONVERSION = YES;
				GCC_WARN_ABOUT_RETURN_TYPE = YES_ERROR;
				GCC_WARN_UNDECLARED_SELECTOR = YES;
				GCC_WARN_UNINITIALIZED_AUTOS = YES_AGGRESSIVE;
				GCC_WARN_UNUSED_FUNCTION = YES;
				GCC_WARN_UNUSED_VARIABLE = YES;
				IPHONEOS_DEPLOYMENT_TARGET = 17.0;
				LOCALIZATION_PREFERS_STRING_CATALOGS = YES;
				MTL_ENABLE_DEBUG_INFO = NO;
				MTL_FAST_MATH = YES;
				SDKROOT = iphoneos;
				SWIFT_COMPILATION_MODE = wholemodule;
				VALIDATE_PRODUCT = YES;
			};
			name = Release;
		};
		B2C693E32CE4A779007E53DB /* Debug */ = {
			isa = XCBuildConfiguration;
			buildSettings = {
				ASSETCATALOG_COMPILER_APPICON_NAME = AppIcon;
				ASSETCATALOG_COMPILER_GLOBAL_ACCENT_COLOR_NAME = AccentColor;
				CODE_SIGN_STYLE = Automatic;
				CURRENT_PROJECT_VERSION = 1;
				DEVELOPMENT_ASSET_PATHS = "\"DriverMap/Preview Content\"";
				DEVELOPMENT_TEAM = UNR72UUVF4;
				ENABLE_PREVIEWS = YES;
				GENERATE_INFOPLIST_FILE = YES;
				INFOPLIST_KEY_NSLocationWhenInUseUsageDescription = "需要定位权限";
				INFOPLIST_KEY_UIApplicationSceneManifest_Generation = YES;
				INFOPLIST_KEY_UIApplicationSupportsIndirectInputEvents = YES;
				INFOPLIST_KEY_UILaunchScreen_Generation = YES;
				INFOPLIST_KEY_UISupportedInterfaceOrientations_iPad = "UIInterfaceOrientationPortrait UIInterfaceOrientationPortraitUpsideDown UIInterfaceOrientationLandscapeLeft UIInterfaceOrientationLandscapeRight";
				INFOPLIST_KEY_UISupportedInterfaceOrientations_iPhone = "UIInterfaceOrientationPortrait UIInterfaceOrientationLandscapeLeft UIInterfaceOrientationLandscapeRight";
				LD_RUNPATH_SEARCH_PATHS = (
					"$(inherited)",
					"@executable_path/Frameworks",
				);
				MARKETING_VERSION = 1.0;
				PRODUCT_BUNDLE_IDENTIFIER = com.Jason.DriverMap;
				PRODUCT_NAME = "$(TARGET_NAME)";
				SWIFT_EMIT_LOC_STRINGS = YES;
				SWIFT_VERSION = 5.0;
				TARGETED_DEVICE_FAMILY = "1,2";
			};
			name = Debug;
		};
		B2C693E42CE4A779007E53DB /* Release */ = {
			isa = XCBuildConfiguration;
			buildSettings = {
				ASSETCATALOG_COMPILER_APPICON_NAME = AppIcon;
				ASSETCATALOG_COMPILER_GLOBAL_ACCENT_COLOR_NAME = AccentColor;
				CODE_SIGN_STYLE = Automatic;
				CURRENT_PROJECT_VERSION = 1;
				DEVELOPMENT_ASSET_PATHS = "\"DriverMap/Preview Content\"";
				DEVELOPMENT_TEAM = UNR72UUVF4;
				ENABLE_PREVIEWS = YES;
				GENERATE_INFOPLIST_FILE = YES;
				INFOPLIST_KEY_NSLocationWhenInUseUsageDescription = "需要定位权限";
				INFOPLIST_KEY_UIApplicationSceneManifest_Generation = YES;
				INFOPLIST_KEY_UIApplicationSupportsIndirectInputEvents = YES;
				INFOPLIST_KEY_UILaunchScreen_Generation = YES;
				INFOPLIST_KEY_UISupportedInterfaceOrientations_iPad = "UIInterfaceOrientationPortrait UIInterfaceOrientationPortraitUpsideDown UIInterfaceOrientationLandscapeLeft UIInterfaceOrientationLandscapeRight";
				INFOPLIST_KEY_UISupportedInterfaceOrientations_iPhone = "UIInterfaceOrientationPortrait UIInterfaceOrientationLandscapeLeft UIInterfaceOrientationLandscapeRight";
				LD_RUNPATH_SEARCH_PATHS = (
					"$(inherited)",
					"@executable_path/Frameworks",
				);
				MARKETING_VERSION = 1.0;
				PRODUCT_BUNDLE_IDENTIFIER = com.Jason.DriverMap;
				PRODUCT_NAME = "$(TARGET_NAME)";
				SWIFT_EMIT_LOC_STRINGS = YES;
				SWIFT_VERSION = 5.0;
				TARGETED_DEVICE_FAMILY = "1,2";
			};
			name = Release;
		};
		B2C693E62CE4A779007E53DB /* Debug */ = {
			isa = XCBuildConfiguration;
			buildSettings = {
				ALWAYS_EMBED_SWIFT_STANDARD_LIBRARIES = YES;
				BUNDLE_LOADER = "$(TEST_HOST)";
				CODE_SIGN_STYLE = Automatic;
				CURRENT_PROJECT_VERSION = 1;
				DEVELOPMENT_TEAM = UNR72UUVF4;
				GENERATE_INFOPLIST_FILE = YES;
				IPHONEOS_DEPLOYMENT_TARGET = 17.0;
				MARKETING_VERSION = 1.0;
				PRODUCT_BUNDLE_IDENTIFIER = com.Jason.DriverMapTests;
				PRODUCT_NAME = "$(TARGET_NAME)";
				SWIFT_EMIT_LOC_STRINGS = NO;
				SWIFT_VERSION = 5.0;
				TARGETED_DEVICE_FAMILY = "1,2";
				TEST_HOST = "$(BUILT_PRODUCTS_DIR)/DriverMap.app/$(BUNDLE_EXECUTABLE_FOLDER_PATH)/DriverMap";
			};
			name = Debug;
		};
		B2C693E72CE4A779007E53DB /* Release */ = {
			isa = XCBuildConfiguration;
			buildSettings = {
				ALWAYS_EMBED_SWIFT_STANDARD_LIBRARIES = YES;
				BUNDLE_LOADER = "$(TEST_HOST)";
				CODE_SIGN_STYLE = Automatic;
				CURRENT_PROJECT_VERSION = 1;
				DEVELOPMENT_TEAM = UNR72UUVF4;
				GENERATE_INFOPLIST_FILE = YES;
				IPHONEOS_DEPLOYMENT_TARGET = 17.0;
				MARKETING_VERSION = 1.0;
				PRODUCT_BUNDLE_IDENTIFIER = com.Jason.DriverMapTests;
				PRODUCT_NAME = "$(TARGET_NAME)";
				SWIFT_EMIT_LOC_STRINGS = NO;
				SWIFT_VERSION = 5.0;
				TARGETED_DEVICE_FAMILY = "1,2";
				TEST_HOST = "$(BUILT_PRODUCTS_DIR)/DriverMap.app/$(BUNDLE_EXECUTABLE_FOLDER_PATH)/DriverMap";
			};
			name = Release;
		};
		B2C693E92CE4A779007E53DB /* Debug */ = {
			isa = XCBuildConfiguration;
			buildSettings = {
				ALWAYS_EMBED_SWIFT_STANDARD_LIBRARIES = YES;
				CODE_SIGN_STYLE = Automatic;
				CURRENT_PROJECT_VERSION = 1;
				DEVELOPMENT_TEAM = UNR72UUVF4;
				GENERATE_INFOPLIST_FILE = YES;
				MARKETING_VERSION = 1.0;
				PRODUCT_BUNDLE_IDENTIFIER = com.Jason.DriverMapUITests;
				PRODUCT_NAME = "$(TARGET_NAME)";
				SWIFT_EMIT_LOC_STRINGS = NO;
				SWIFT_VERSION = 5.0;
				TARGETED_DEVICE_FAMILY = "1,2";
				TEST_TARGET_NAME = DriverMap;
			};
			name = Debug;
		};
		B2C693EA2CE4A779007E53DB /* Release */ = {
			isa = XCBuildConfiguration;
			buildSettings = {
				ALWAYS_EMBED_SWIFT_STANDARD_LIBRARIES = YES;
				CODE_SIGN_STYLE = Automatic;
				CURRENT_PROJECT_VERSION = 1;
				DEVELOPMENT_TEAM = UNR72UUVF4;
				GENERATE_INFOPLIST_FILE = YES;
				MARKETING_VERSION = 1.0;
				PRODUCT_BUNDLE_IDENTIFIER = com.Jason.DriverMapUITests;
				PRODUCT_NAME = "$(TARGET_NAME)";
				SWIFT_EMIT_LOC_STRINGS = NO;
				SWIFT_VERSION = 5.0;
				TARGETED_DEVICE_FAMILY = "1,2";
				TEST_TARGET_NAME = DriverMap;
			};
			name = Release;
		};
/* End XCBuildConfiguration section */

/* Begin XCConfigurationList section */
		B2C693B92CE4A774007E53DB /* Build configuration list for PBXProject "DriverMap" */ = {
			isa = XCConfigurationList;
			buildConfigurations = (
				B2C693E02CE4A779007E53DB /* Debug */,
				B2C693E12CE4A779007E53DB /* Release */,
			);
			defaultConfigurationIsVisible = 0;
			defaultConfigurationName = Release;
		};
		B2C693E22CE4A779007E53DB /* Build configuration list for PBXNativeTarget "DriverMap" */ = {
			isa = XCConfigurationList;
			buildConfigurations = (
				B2C693E32CE4A779007E53DB /* Debug */,
				B2C693E42CE4A779007E53DB /* Release */,
			);
			defaultConfigurationIsVisible = 0;
			defaultConfigurationName = Release;
		};
		B2C693E52CE4A779007E53DB /* Build configuration list for PBXNativeTarget "DriverMapTests" */ = {
			isa = XCConfigurationList;
			buildConfigurations = (
				B2C693E62CE4A779007E53DB /* Debug */,
				B2C693E72CE4A779007E53DB /* Release */,
			);
			defaultConfigurationIsVisible = 0;
			defaultConfigurationName = Release;
		};
		B2C693E82CE4A779007E53DB /* Build configuration list for PBXNativeTarget "DriverMapUITests" */ = {
			isa = XCConfigurationList;
			buildConfigurations = (
				B2C693E92CE4A779007E53DB /* Debug */,
				B2C693EA2CE4A779007E53DB /* Release */,
			);
			defaultConfigurationIsVisible = 0;
			defaultConfigurationName = Release;
		};
/* End XCConfigurationList section */

/* Begin XCRemoteSwiftPackageReference section */
		B2424BC22CE5E8EF005B78F1 /* XCRemoteSwiftPackageReference "ios-maps-sdk" */ = {
			isa = XCRemoteSwiftPackageReference;
			repositoryURL = "https://github.com/googlemaps/ios-maps-sdk";
			requirement = {
				kind = upToNextMajorVersion;
				minimumVersion = 9.1.1;
			};
		};
/* End XCRemoteSwiftPackageReference section */

/* Begin XCSwiftPackageProductDependency section */
		B2424BC32CE5E8EF005B78F1 /* GoogleMaps */ = {
			isa = XCSwiftPackageProductDependency;
			package = B2424BC22CE5E8EF005B78F1 /* XCRemoteSwiftPackageReference "ios-maps-sdk" */;
			productName = GoogleMaps;
		};
/* End XCSwiftPackageProductDependency section */
	};
	rootObject = B2C693B62CE4A774007E53DB /* Project object */;
}
